
Microsoft Visual Studio Solution File, Format Version 11.00
# Visual Studio 2010
Project("{FAE04EC0-301F-11D3-BF4B-00C04F79EFBC}") = "Space1939", "Space1939\Space1939\Space1939.csproj", "{31DA8F14-5EA5-42AA-B2AB-9479C3878171}"
EndProject
Project("{FAE04EC0-301F-11D3-BF4B-00C04F79EFBC}") = "Space1939Content", "Space1939\Space1939Content\Space1939Content.contentproj", "{01C83E64-1D3B-44D6-A737-EFE9A9ECB07A}"
EndProject
Project("{F088123C-0E9E-452A-89E6-6BA2F21D5CAC}") = "ModelingProject1", "ModelingProject1\ModelingProject1.modelproj", "{3E8D6454-8344-4AFB-81BB-DFE147FCCED3}"
EndProject
Global
	GlobalSection(SolutionConfigurationPlatforms) = preSolution
		Debug|Any CPU = Debug|Any CPU
		Debug|Mixed Platforms = Debug|Mixed Platforms
		Debug|x86 = Debug|x86
		Release|Any CPU = Release|Any CPU
		Release|Mixed Platforms = Release|Mixed Platforms
		Release|x86 = Release|x86
	EndGlobalSection
	GlobalSection(ProjectConfigurationPlatforms) = postSolution
		{31DA8F14-5EA5-42AA-B2AB-9479C3878171}.Debug|Any CPU.ActiveCfg = Debug|x86
		{31DA8F14-5EA5-42AA-B2AB-9479C3878171}.Debug|Mixed Platforms.ActiveCfg = Debug|x86
		{31DA8F14-5EA5-42AA-B2AB-9479C3878171}.Debug|Mixed Platforms.Build.0 = Debug|x86
		{31DA8F14-5EA5-42AA-B2AB-9479C3878171}.Debug|x86.ActiveCfg = Debug|x86
		{31DA8F14-5EA5-42AA-B2AB-9479C3878171}.Debug|x86.Build.0 = Debug|x86
		{31DA8F14-5EA5-42AA-B2AB-9479C3878171}.Release|Any CPU.ActiveCfg = Release|x86
		{31DA8F14-5EA5-42AA-B2AB-9479C3878171}.Release|Mixed Platforms.ActiveCfg = Release|x86
		{31DA8F14-5EA5-42AA-B2AB-9479C3878171}.Release|Mixed Platforms.Build.0 = Release|x86
		{31DA8F14-5EA5-42AA-B2AB-9479C3878171}.Release|x86.ActiveCfg = Release|x86
		{31DA8F14-5EA5-42AA-B2AB-9479C3878171}.Release|x86.Build.0 = Release|x86
		{01C83E64-1D3B-44D6-A737-EFE9A9ECB07A}.Debug|Any CPU.ActiveCfg = Debug|x86
		{01C83E64-1D3B-44D6-A737-EFE9A9ECB07A}.Debug|Mixed Platforms.ActiveCfg = Debug|x86
		{01C83E64-1D3B-44D6-A737-EFE9A9ECB07A}.Debug|x86.ActiveCfg = Debug|x86
		{01C83E64-1D3B-44D6-A737-EFE9A9ECB07A}.Release|Any CPU.ActiveCfg = Release|x86
		{01C83E64-1D3B-44D6-A737-EFE9A9ECB07A}.Release|Mixed Platforms.ActiveCfg = Release|x86
		{01C83E64-1D3B-44D6-A737-EFE9A9ECB07A}.Release|x86.ActiveCfg = Release|x86
		{3E8D6454-8344-4AFB-81BB-DFE147FCCED3}.Debug|Any CPU.ActiveCfg = Debug|Any CPU
		{3E8D6454-8344-4AFB-81BB-DFE147FCCED3}.Debug|Any CPU.Build.0 = Debug|Any CPU
		{3E8D6454-8344-4AFB-81BB-DFE147FCCED3}.Debug|Mixed Platforms.ActiveCfg = Debug|Any CPU
		{3E8D6454-8344-4AFB-81BB-DFE147FCCED3}.Debug|Mixed Platforms.Build.0 = Debug|Any CPU
		{3E8D6454-8344-4AFB-81BB-DFE147FCCED3}.Debug|x86.ActiveCfg = Debug|Any CPU
		{3E8D6454-8344-4AFB-81BB-DFE147FCCED3}.Release|Any CPU.ActiveCfg = Release|Any CPU
		{3E8D6454-8344-4AFB-81BB-DFE147FCCED3}.Release|Any CPU.Build.0 = Release|Any CPU
		{3E8D6454-8344-4AFB-81BB-DFE147FCCED3}.Release|Mixed Platforms.ActiveCfg = Release|Any CPU
		{3E8D6454-8344-4AFB-81BB-DFE147FCCED3}.Release|Mixed Platforms.Build.0 = Release|Any CPU
		{3E8D6454-8344-4AFB-81BB-DFE147FCCED3}.Release|x86.ActiveCfg = Release|Any CPU
	EndGlobalSection
	GlobalSection(SolutionProperties) = preSolution
		HideSolutionNode = FALSE
	EndGlobalSection
EndGlobal
